
Microsoft Visual Studio Solution File, Format Version 12.00
# Visual Studio 15
VisualStudioVersion = 15.0.28010.2048
MinimumVisualStudioVersion = 10.0.40219.1
Project("{FAE04EC0-301F-11D3-BF4B-00C04F79EFBC}") = "OOP_II_Lab", "OOP_II_Lab\OOP_II_Lab.csproj", "{D7C61886-1FE5-431F-9B58-233F32E2C558}"
EndProject
Global
	GlobalSection(SolutionConfigurationPlatforms) = preSolution
		Debug|Any CPU = Debug|Any CPU
		Release|Any CPU = Release|Any CPU
	EndGlobalSection
	GlobalSection(ProjectConfigurationPlatforms) = postSolution
		{D7C61886-1FE5-431F-9B58-233F32E2C558}.Debug|Any CPU.ActiveCfg = Debug|Any CPU
		{D7C61886-1FE5-431F-9B58-233F32E2C558}.Debug|Any CPU.Build.0 = Debug|Any CPU
		{D7C61886-1FE5-431F-9B58-233F32E2C558}.Release|Any CPU.ActiveCfg = Release|Any CPU
		{D7C61886-1FE5-431F-9B58-233F32E2C558}.Release|Any CPU.Build.0 = Release|Any CPU
	EndGlobalSection
	GlobalSection(SolutionProperties) = preSolution
		HideSolutionNode = FALSE
	EndGlobalSection
	GlobalSection(ExtensibilityGlobals) = postSolution
		SolutionGuid = {8E551D0C-1CD4-44A9-832F-2FC3F1D0C38B}
	EndGlobalSection
EndGlobal
