
Microsoft Visual Studio Solution File, Format Version 12.00
# Visual Studio 15
VisualStudioVersion = 15.0.28010.2048
MinimumVisualStudioVersion = 10.0.40219.1
Project("{FAE04EC0-301F-11D3-BF4B-00C04F79EFBC}") = "OOP_II_Lab", "OOP_II_Lab\OOP_II_Lab.csproj", "{DE94FFFF-4DCE-4AF6-AC95-57723C9B5B83}"
EndProject
Global
	GlobalSection(SolutionConfigurationPlatforms) = preSolution
		Debug|Any CPU = Debug|Any CPU
		Release|Any CPU = Release|Any CPU
	EndGlobalSection
	GlobalSection(ProjectConfigurationPlatforms) = postSolution
		{DE94FFFF-4DCE-4AF6-AC95-57723C9B5B83}.Debug|Any CPU.ActiveCfg = Debug|Any CPU
		{DE94FFFF-4DCE-4AF6-AC95-57723C9B5B83}.Debug|Any CPU.Build.0 = Debug|Any CPU
		{DE94FFFF-4DCE-4AF6-AC95-57723C9B5B83}.Release|Any CPU.ActiveCfg = Release|Any CPU
		{DE94FFFF-4DCE-4AF6-AC95-57723C9B5B83}.Release|Any CPU.Build.0 = Release|Any CPU
		{E5FAF981-4ED4-4078-8B20-A8DA13029FAD}.Debug|Any CPU.ActiveCfg = Debug|Any CPU
		{E5FAF981-4ED4-4078-8B20-A8DA13029FAD}.Debug|Any CPU.Build.0 = Debug|Any CPU
		{E5FAF981-4ED4-4078-8B20-A8DA13029FAD}.Release|Any CPU.ActiveCfg = Release|Any CPU
		{E5FAF981-4ED4-4078-8B20-A8DA13029FAD}.Release|Any CPU.Build.0 = Release|Any CPU
	EndGlobalSection
	GlobalSection(SolutionProperties) = preSolution
		HideSolutionNode = FALSE
	EndGlobalSection
	GlobalSection(ExtensibilityGlobals) = postSolution
		SolutionGuid = {4C7DAFA1-2D2C-402C-8A0C-3AF0BB37C8D1}
	EndGlobalSection
EndGlobal
